
Microsoft Visual Studio Solution File, Format Version 12.00
# Visual Studio Version 16
VisualStudioVersion = 16.0.32126.315
MinimumVisualStudioVersion = 10.0.40219.1
Project("{2150E333-8FDC-42A3-9474-1A3956D46DE8}") = "1. Enterprise Business Rules", "1. Enterprise Business Rules", "{CB680652-C753-4682-88CB-EC64D771053B}"
EndProject
Project("{2150E333-8FDC-42A3-9474-1A3956D46DE8}") = "2. Application Business Rules", "2. Application Business Rules", "{B228E99F-764D-47D9-8E67-514FEB2ED1A2}"
EndProject
Project("{2150E333-8FDC-42A3-9474-1A3956D46DE8}") = "3. Interface Adapters", "3. Interface Adapters", "{2CB21DDB-04C3-4958-9903-B517EC939C36}"
EndProject
Project("{2150E333-8FDC-42A3-9474-1A3956D46DE8}") = "4. Frameworks And Drivers", "4. Frameworks And Drivers", "{67ACB1FE-6E5A-41E5-85DD-BC557A61625B}"
EndProject
Project("{9A19103F-16F7-4668-BE54-9A1E7A4F7556}") = "VtexChallenge.Entities", "VtexChallenge.Entities\VtexChallenge.Entities.csproj", "{EE169304-6176-4F34-97F8-21EAB01BDA9A}"
EndProject
Project("{9A19103F-16F7-4668-BE54-9A1E7A4F7556}") = "VtexChallenge.BusinessObjects", "VtexChallenge.BusinessObjects\VtexChallenge.BusinessObjects.csproj", "{30FEFFD2-9F83-40A6-94ED-8F9E2584CAC8}"
EndProject
Project("{9A19103F-16F7-4668-BE54-9A1E7A4F7556}") = "VtexChallenge.Repositories", "VtexChallenge.Repositories\VtexChallenge.Repositories.csproj", "{4783774C-0BAC-47F5-B2F9-1DE5BA601EA9}"
EndProject
Project("{9A19103F-16F7-4668-BE54-9A1E7A4F7556}") = "VtexChallenge.Common", "VtexChallenge.Common\VtexChallenge.Common.csproj", "{ABB8D4F2-0878-4D51-81AC-972FCD80C745}"
EndProject
Project("{9A19103F-16F7-4668-BE54-9A1E7A4F7556}") = "VtexChallenge.UseCases", "VtexChallenge.UseCases\VtexChallenge.UseCases.csproj", "{1EC83F62-1FD4-4D0C-949E-5517350DD34A}"
EndProject
Project("{9A19103F-16F7-4668-BE54-9A1E7A4F7556}") = "VtexChallenge.WebExceptionPresenter", "VtexChallenge.WebExceptionPresenter\VtexChallenge.WebExceptionPresenter.csproj", "{3DC96DA4-AF72-4530-B866-DB6CF3E2105C}"
EndProject
Project("{9A19103F-16F7-4668-BE54-9A1E7A4F7556}") = "VtexChallenge.Presenters", "VtexChallenge.Presenters\VtexChallenge.Presenters.csproj", "{9CA2855C-A5A3-4C17-A48A-0D4DC5E17249}"
EndProject
Project("{9A19103F-16F7-4668-BE54-9A1E7A4F7556}") = "VtexChallenge.Controllers", "VtexChallenge.Controllers\VtexChallenge.Controllers.csproj", "{9CD1861A-EFDD-4A96-A555-A1B91AD33E4C}"
EndProject
Project("{FAE04EC0-301F-11D3-BF4B-00C04F79EFBC}") = "VtexChallenge.IoC", "VtexChallenge.IoC\VtexChallenge.IoC.csproj", "{49B9D145-AA18-47E9-9D5D-189BEF925825}"
EndProject
Project("{FAE04EC0-301F-11D3-BF4B-00C04F79EFBC}") = "VtexChallenge.WebApi", "VtexChallenge.WebApi\VtexChallenge.WebApi.csproj", "{C8E87832-809E-4F8B-9527-DCDCE865CDD9}"
EndProject
Global
	GlobalSection(SolutionConfigurationPlatforms) = preSolution
		Debug|Any CPU = Debug|Any CPU
		Release|Any CPU = Release|Any CPU
	EndGlobalSection
	GlobalSection(ProjectConfigurationPlatforms) = postSolution
		{EE169304-6176-4F34-97F8-21EAB01BDA9A}.Debug|Any CPU.ActiveCfg = Debug|Any CPU
		{EE169304-6176-4F34-97F8-21EAB01BDA9A}.Debug|Any CPU.Build.0 = Debug|Any CPU
		{EE169304-6176-4F34-97F8-21EAB01BDA9A}.Release|Any CPU.ActiveCfg = Release|Any CPU
		{EE169304-6176-4F34-97F8-21EAB01BDA9A}.Release|Any CPU.Build.0 = Release|Any CPU
		{30FEFFD2-9F83-40A6-94ED-8F9E2584CAC8}.Debug|Any CPU.ActiveCfg = Debug|Any CPU
		{30FEFFD2-9F83-40A6-94ED-8F9E2584CAC8}.Debug|Any CPU.Build.0 = Debug|Any CPU
		{30FEFFD2-9F83-40A6-94ED-8F9E2584CAC8}.Release|Any CPU.ActiveCfg = Release|Any CPU
		{30FEFFD2-9F83-40A6-94ED-8F9E2584CAC8}.Release|Any CPU.Build.0 = Release|Any CPU
		{4783774C-0BAC-47F5-B2F9-1DE5BA601EA9}.Debug|Any CPU.ActiveCfg = Debug|Any CPU
		{4783774C-0BAC-47F5-B2F9-1DE5BA601EA9}.Debug|Any CPU.Build.0 = Debug|Any CPU
		{4783774C-0BAC-47F5-B2F9-1DE5BA601EA9}.Release|Any CPU.ActiveCfg = Release|Any CPU
		{4783774C-0BAC-47F5-B2F9-1DE5BA601EA9}.Release|Any CPU.Build.0 = Release|Any CPU
		{ABB8D4F2-0878-4D51-81AC-972FCD80C745}.Debug|Any CPU.ActiveCfg = Debug|Any CPU
		{ABB8D4F2-0878-4D51-81AC-972FCD80C745}.Debug|Any CPU.Build.0 = Debug|Any CPU
		{ABB8D4F2-0878-4D51-81AC-972FCD80C745}.Release|Any CPU.ActiveCfg = Release|Any CPU
		{ABB8D4F2-0878-4D51-81AC-972FCD80C745}.Release|Any CPU.Build.0 = Release|Any CPU
		{1EC83F62-1FD4-4D0C-949E-5517350DD34A}.Debug|Any CPU.ActiveCfg = Debug|Any CPU
		{1EC83F62-1FD4-4D0C-949E-5517350DD34A}.Debug|Any CPU.Build.0 = Debug|Any CPU
		{1EC83F62-1FD4-4D0C-949E-5517350DD34A}.Release|Any CPU.ActiveCfg = Release|Any CPU
		{1EC83F62-1FD4-4D0C-949E-5517350DD34A}.Release|Any CPU.Build.0 = Release|Any CPU
		{3DC96DA4-AF72-4530-B866-DB6CF3E2105C}.Debug|Any CPU.ActiveCfg = Debug|Any CPU
		{3DC96DA4-AF72-4530-B866-DB6CF3E2105C}.Debug|Any CPU.Build.0 = Debug|Any CPU
		{3DC96DA4-AF72-4530-B866-DB6CF3E2105C}.Release|Any CPU.ActiveCfg = Release|Any CPU
		{3DC96DA4-AF72-4530-B866-DB6CF3E2105C}.Release|Any CPU.Build.0 = Release|Any CPU
		{9CA2855C-A5A3-4C17-A48A-0D4DC5E17249}.Debug|Any CPU.ActiveCfg = Debug|Any CPU
		{9CA2855C-A5A3-4C17-A48A-0D4DC5E17249}.Debug|Any CPU.Build.0 = Debug|Any CPU
		{9CA2855C-A5A3-4C17-A48A-0D4DC5E17249}.Release|Any CPU.ActiveCfg = Release|Any CPU
		{9CA2855C-A5A3-4C17-A48A-0D4DC5E17249}.Release|Any CPU.Build.0 = Release|Any CPU
		{9CD1861A-EFDD-4A96-A555-A1B91AD33E4C}.Debug|Any CPU.ActiveCfg = Debug|Any CPU
		{9CD1861A-EFDD-4A96-A555-A1B91AD33E4C}.Debug|Any CPU.Build.0 = Debug|Any CPU
		{9CD1861A-EFDD-4A96-A555-A1B91AD33E4C}.Release|Any CPU.ActiveCfg = Release|Any CPU
		{9CD1861A-EFDD-4A96-A555-A1B91AD33E4C}.Release|Any CPU.Build.0 = Release|Any CPU
		{49B9D145-AA18-47E9-9D5D-189BEF925825}.Debug|Any CPU.ActiveCfg = Debug|Any CPU
		{49B9D145-AA18-47E9-9D5D-189BEF925825}.Debug|Any CPU.Build.0 = Debug|Any CPU
		{49B9D145-AA18-47E9-9D5D-189BEF925825}.Release|Any CPU.ActiveCfg = Release|Any CPU
		{49B9D145-AA18-47E9-9D5D-189BEF925825}.Release|Any CPU.Build.0 = Release|Any CPU
		{C8E87832-809E-4F8B-9527-DCDCE865CDD9}.Debug|Any CPU.ActiveCfg = Debug|Any CPU
		{C8E87832-809E-4F8B-9527-DCDCE865CDD9}.Debug|Any CPU.Build.0 = Debug|Any CPU
		{C8E87832-809E-4F8B-9527-DCDCE865CDD9}.Release|Any CPU.ActiveCfg = Release|Any CPU
		{C8E87832-809E-4F8B-9527-DCDCE865CDD9}.Release|Any CPU.Build.0 = Release|Any CPU
	EndGlobalSection
	GlobalSection(SolutionProperties) = preSolution
		HideSolutionNode = FALSE
	EndGlobalSection
	GlobalSection(NestedProjects) = preSolution
		{EE169304-6176-4F34-97F8-21EAB01BDA9A} = {CB680652-C753-4682-88CB-EC64D771053B}
		{30FEFFD2-9F83-40A6-94ED-8F9E2584CAC8} = {B228E99F-764D-47D9-8E67-514FEB2ED1A2}
		{4783774C-0BAC-47F5-B2F9-1DE5BA601EA9} = {2CB21DDB-04C3-4958-9903-B517EC939C36}
		{ABB8D4F2-0878-4D51-81AC-972FCD80C745} = {CB680652-C753-4682-88CB-EC64D771053B}
		{1EC83F62-1FD4-4D0C-949E-5517350DD34A} = {B228E99F-764D-47D9-8E67-514FEB2ED1A2}
		{3DC96DA4-AF72-4530-B866-DB6CF3E2105C} = {2CB21DDB-04C3-4958-9903-B517EC939C36}
		{9CA2855C-A5A3-4C17-A48A-0D4DC5E17249} = {2CB21DDB-04C3-4958-9903-B517EC939C36}
		{9CD1861A-EFDD-4A96-A555-A1B91AD33E4C} = {2CB21DDB-04C3-4958-9903-B517EC939C36}
		{49B9D145-AA18-47E9-9D5D-189BEF925825} = {2CB21DDB-04C3-4958-9903-B517EC939C36}
		{C8E87832-809E-4F8B-9527-DCDCE865CDD9} = {67ACB1FE-6E5A-41E5-85DD-BC557A61625B}
	EndGlobalSection
	GlobalSection(ExtensibilityGlobals) = postSolution
		SolutionGuid = {2F160E18-9A9B-4220-9090-99636AF1B5FE}
	EndGlobalSection
EndGlobal
