
Microsoft Visual Studio Solution File, Format Version 12.00
# Visual Studio Version 16
VisualStudioVersion = 16.0.32126.315
MinimumVisualStudioVersion = 10.0.40219.1
Project("{2150E333-8FDC-42A3-9474-1A3956D46DE8}") = "1. Enterprise Business Rules", "1. Enterprise Business Rules", "{CB680652-C753-4682-88CB-EC64D771053B}"
EndProject
Project("{2150E333-8FDC-42A3-9474-1A3956D46DE8}") = "2. Application Business Rules", "2. Application Business Rules", "{B228E99F-764D-47D9-8E67-514FEB2ED1A2}"
EndProject
Project("{2150E333-8FDC-42A3-9474-1A3956D46DE8}") = "3. Interface Adapters", "3. Interface Adapters", "{2CB21DDB-04C3-4958-9903-B517EC939C36}"
EndProject
Project("{2150E333-8FDC-42A3-9474-1A3956D46DE8}") = "4. Frameworks And Drivers", "4. Frameworks And Drivers", "{67ACB1FE-6E5A-41E5-85DD-BC557A61625B}"
EndProject
Project("{FAE04EC0-301F-11D3-BF4B-00C04F79EFBC}") = "VtexChallenge.Entities", "VtexChallenge.Entities\VtexChallenge.Entities.csproj", "{EE169304-6176-4F34-97F8-21EAB01BDA9A}"
EndProject
Project("{FAE04EC0-301F-11D3-BF4B-00C04F79EFBC}") = "VtexChallenge.BusinessObjects", "VtexChallenge.BusinessObjects\VtexChallenge.BusinessObjects.csproj", "{30FEFFD2-9F83-40A6-94ED-8F9E2584CAC8}"
EndProject
Project("{2150E333-8FDC-42A3-9474-1A3956D46DE8}") = "Gateways", "Gateways", "{51A9926C-7854-44ED-8579-153CED384620}"
EndProject
Project("{FAE04EC0-301F-11D3-BF4B-00C04F79EFBC}") = "VtexChallenge.Repositories", "VtexChallenge.Repositories\VtexChallenge.Repositories.csproj", "{4783774C-0BAC-47F5-B2F9-1DE5BA601EA9}"
EndProject
Global
	GlobalSection(SolutionConfigurationPlatforms) = preSolution
		Debug|Any CPU = Debug|Any CPU
		Release|Any CPU = Release|Any CPU
	EndGlobalSection
	GlobalSection(ProjectConfigurationPlatforms) = postSolution
		{EE169304-6176-4F34-97F8-21EAB01BDA9A}.Debug|Any CPU.ActiveCfg = Debug|Any CPU
		{EE169304-6176-4F34-97F8-21EAB01BDA9A}.Debug|Any CPU.Build.0 = Debug|Any CPU
		{EE169304-6176-4F34-97F8-21EAB01BDA9A}.Release|Any CPU.ActiveCfg = Release|Any CPU
		{EE169304-6176-4F34-97F8-21EAB01BDA9A}.Release|Any CPU.Build.0 = Release|Any CPU
		{30FEFFD2-9F83-40A6-94ED-8F9E2584CAC8}.Debug|Any CPU.ActiveCfg = Debug|Any CPU
		{30FEFFD2-9F83-40A6-94ED-8F9E2584CAC8}.Debug|Any CPU.Build.0 = Debug|Any CPU
		{30FEFFD2-9F83-40A6-94ED-8F9E2584CAC8}.Release|Any CPU.ActiveCfg = Release|Any CPU
		{30FEFFD2-9F83-40A6-94ED-8F9E2584CAC8}.Release|Any CPU.Build.0 = Release|Any CPU
		{4783774C-0BAC-47F5-B2F9-1DE5BA601EA9}.Debug|Any CPU.ActiveCfg = Debug|Any CPU
		{4783774C-0BAC-47F5-B2F9-1DE5BA601EA9}.Debug|Any CPU.Build.0 = Debug|Any CPU
		{4783774C-0BAC-47F5-B2F9-1DE5BA601EA9}.Release|Any CPU.ActiveCfg = Release|Any CPU
		{4783774C-0BAC-47F5-B2F9-1DE5BA601EA9}.Release|Any CPU.Build.0 = Release|Any CPU
	EndGlobalSection
	GlobalSection(SolutionProperties) = preSolution
		HideSolutionNode = FALSE
	EndGlobalSection
	GlobalSection(NestedProjects) = preSolution
		{EE169304-6176-4F34-97F8-21EAB01BDA9A} = {CB680652-C753-4682-88CB-EC64D771053B}
		{30FEFFD2-9F83-40A6-94ED-8F9E2584CAC8} = {B228E99F-764D-47D9-8E67-514FEB2ED1A2}
		{51A9926C-7854-44ED-8579-153CED384620} = {2CB21DDB-04C3-4958-9903-B517EC939C36}
		{4783774C-0BAC-47F5-B2F9-1DE5BA601EA9} = {51A9926C-7854-44ED-8579-153CED384620}
	EndGlobalSection
	GlobalSection(ExtensibilityGlobals) = postSolution
		SolutionGuid = {2F160E18-9A9B-4220-9090-99636AF1B5FE}
	EndGlobalSection
EndGlobal
